{
  "object": {
    "pins": [
      {
        "package": "PhoneNumberKit",
        "repositoryURL": "https://github.com/Intreecom/PhoneNumberKit-Fix-Presentation",
        "state": {
          "branch": null,
          "revision": "ee59fe3cd310aa96ce3ae365fc281fba1a6f9adf",
          "version": null
        }
      }
    ]
  },
  "version": 1
}
