{
  "object": {
    "pins": [
      {
        "package": "PhoneNumberKit",
        "repositoryURL": "https://github.com/Intreecom/PhoneNumberKit-Fix-Presentation",
        "state": {
          "branch": "handle-country-code-selection",
          "revision": "e4de74e750a4d413ce877338bc33b31f1d977da8",
          "version": null
        }
      }
    ]
  },
  "version": 1
}
