{
  "object": {
    "pins": [
      {
        "package": "PhoneNumberKit",
        "repositoryURL": "https://github.com/Intreecom/PhoneNumberKit-Fix-Presentation",
        "state": {
          "branch": "master",
          "revision": "4fb34b60130f7a061866d8b48058d3ff920e8adf",
          "version": null
        }
      }
    ]
  },
  "version": 1
}
